
Microsoft Visual Studio Solution File, Format Version 12.00
# Visual Studio Version 17
VisualStudioVersion = 17.14.37411.7
MinimumVisualStudioVersion = 10.0.40219.1
Project("{FAE04EC0-301F-11D3-BF4B-00C04F79EFBC}") = "SistPuntos_Heladeria.UI", "SistPuntos_Heladeria.UI\SistPuntos_Heladeria.UI.csproj", "{7504F9E0-3A14-4DE6-A84A-0C83A21CB571}"
EndProject
Project("{FAE04EC0-301F-11D3-BF4B-00C04F79EFBC}") = "SistPuntos_Heladeria.ENTITY", "SistPuntos_Heladeria.ENTITY\SistPuntos_Heladeria.ENTITY.csproj", "{535DC040-25A3-4CAB-895A-F83D4A5A5A9F}"
EndProject
Project("{FAE04EC0-301F-11D3-BF4B-00C04F79EFBC}") = "SistPuntos_Heladeria.DAL", "SistPuntos_Heladeria.DAL\SistPuntos_Heladeria.DAL.csproj", "{BFFEA22F-EEF3-46A4-80C8-FDAE7636CD1A}"
EndProject
Project("{FAE04EC0-301F-11D3-BF4B-00C04F79EFBC}") = "SistPuntos_Heladeria.BLL", "SistPuntos_Heladeria.BLL\SistPuntos_Heladeria.BLL.csproj", "{F455A235-7A2F-4D10-AE35-06775620DAA6}"
EndProject
Global
	GlobalSection(SolutionConfigurationPlatforms) = preSolution
		Debug|Any CPU = Debug|Any CPU
		Release|Any CPU = Release|Any CPU
	EndGlobalSection
	GlobalSection(ProjectConfigurationPlatforms) = postSolution
		{7504F9E0-3A14-4DE6-A84A-0C83A21CB571}.Debug|Any CPU.ActiveCfg = Debug|Any CPU
		{7504F9E0-3A14-4DE6-A84A-0C83A21CB571}.Debug|Any CPU.Build.0 = Debug|Any CPU
		{7504F9E0-3A14-4DE6-A84A-0C83A21CB571}.Release|Any CPU.ActiveCfg = Release|Any CPU
		{7504F9E0-3A14-4DE6-A84A-0C83A21CB571}.Release|Any CPU.Build.0 = Release|Any CPU
		{535DC040-25A3-4CAB-895A-F83D4A5A5A9F}.Debug|Any CPU.ActiveCfg = Debug|Any CPU
		{535DC040-25A3-4CAB-895A-F83D4A5A5A9F}.Debug|Any CPU.Build.0 = Debug|Any CPU
		{535DC040-25A3-4CAB-895A-F83D4A5A5A9F}.Release|Any CPU.ActiveCfg = Release|Any CPU
		{535DC040-25A3-4CAB-895A-F83D4A5A5A9F}.Release|Any CPU.Build.0 = Release|Any CPU
		{BFFEA22F-EEF3-46A4-80C8-FDAE7636CD1A}.Debug|Any CPU.ActiveCfg = Debug|Any CPU
		{BFFEA22F-EEF3-46A4-80C8-FDAE7636CD1A}.Debug|Any CPU.Build.0 = Debug|Any CPU
		{BFFEA22F-EEF3-46A4-80C8-FDAE7636CD1A}.Release|Any CPU.ActiveCfg = Release|Any CPU
		{BFFEA22F-EEF3-46A4-80C8-FDAE7636CD1A}.Release|Any CPU.Build.0 = Release|Any CPU
		{F455A235-7A2F-4D10-AE35-06775620DAA6}.Debug|Any CPU.ActiveCfg = Debug|Any CPU
		{F455A235-7A2F-4D10-AE35-06775620DAA6}.Debug|Any CPU.Build.0 = Debug|Any CPU
		{F455A235-7A2F-4D10-AE35-06775620DAA6}.Release|Any CPU.ActiveCfg = Release|Any CPU
		{F455A235-7A2F-4D10-AE35-06775620DAA6}.Release|Any CPU.Build.0 = Release|Any CPU
	EndGlobalSection
	GlobalSection(SolutionProperties) = preSolution
		HideSolutionNode = FALSE
	EndGlobalSection
	GlobalSection(ExtensibilityGlobals) = postSolution
		SolutionGuid = {9424346B-5184-4E03-90C8-C11F71FA5976}
	EndGlobalSection
EndGlobal
